// !$*UTF8*$!
{
	archiveVersion = 1;
	classes = {
	};
	objectVersion = 46;
	objects = {

/* Begin PBXBuildFile section */
		4C4E96D219ACD4AB00E744BB /* Foundation.framework in Frameworks */ = {isa = PBXBuildFile; fileRef = 4C4E96D119ACD4AB00E744BB /* Foundation.framework */; };
		4C4E96D419ACD4AB00E744BB /* CoreGraphics.framework in Frameworks */ = {isa = PBXBuildFile; fileRef = 4C4E96D319ACD4AB00E744BB /* CoreGraphics.framework */; };
		4C4E96D619ACD4AB00E744BB /* UIKit.framework in Frameworks */ = {isa = PBXBuildFile; fileRef = 4C4E96D519ACD4AB00E744BB /* UIKit.framework */; };
		4C4E96DC19ACD4AB00E744BB /* InfoPlist.strings in Resources */ = {isa = PBXBuildFile; fileRef = 4C4E96DA19ACD4AB00E744BB /* InfoPlist.strings */; };
		4C4E96E419ACD4AB00E744BB /* Images.xcassets in Resources */ = {isa = PBXBuildFile; fileRef = 4C4E96E319ACD4AB00E744BB /* Images.xcassets */; };
		4C4E96EB19ACD4AB00E744BB /* XCTest.framework in Frameworks */ = {isa = PBXBuildFile; fileRef = 4C4E96EA19ACD4AB00E744BB /* XCTest.framework */; };
		4C4E96EC19ACD4AB00E744BB /* Foundation.framework in Frameworks */ = {isa = PBXBuildFile; fileRef = 4C4E96D119ACD4AB00E744BB /* Foundation.framework */; };
		4C4E96ED19ACD4AB00E744BB /* UIKit.framework in Frameworks */ = {isa = PBXBuildFile; fileRef = 4C4E96D519ACD4AB00E744BB /* UIKit.framework */; };
		4C4E96F519ACD4AB00E744BB /* InfoPlist.strings in Resources */ = {isa = PBXBuildFile; fileRef = 4C4E96F319ACD4AB00E744BB /* InfoPlist.strings */; };
		4C4E96F719ACD4AB00E744BB /* ____Tests.m in Sources */ = {isa = PBXBuildFile; fileRef = 4C4E96F619ACD4AB00E744BB /* ____Tests.m */; };
		4C5C60C819AE1D8A0078C15F /* AppDelegate.m in Sources */ = {isa = PBXBuildFile; fileRef = 4C5C60BC19AE1D8A0078C15F /* AppDelegate.m */; };
		4C5C60C919AE1D8A0078C15F /* main.m in Sources */ = {isa = PBXBuildFile; fileRef = 4C5C60BD19AE1D8A0078C15F /* main.m */; };
		4C5C60CA19AE1D8A0078C15F /* 蔷薇岛屿-Info.plist in Resources */ = {isa = PBXBuildFile; fileRef = 4C5C60BE19AE1D8A0078C15F /* 蔷薇岛屿-Info.plist */; };
		4C5C60CD19AE1DAF0078C15F /* TabBarViewController.m in Sources */ = {isa = PBXBuildFile; fileRef = 4C5C60CC19AE1DAF0078C15F /* TabBarViewController.m */; };
		4C87618119B0DA9500025AFD /* BaseSettingViewController.m in Sources */ = {isa = PBXBuildFile; fileRef = 4C87618019B0DA9500025AFD /* BaseSettingViewController.m */; };
		4C87618519B0ED2300025AFD /* SettingGroup.m in Sources */ = {isa = PBXBuildFile; fileRef = 4C87618419B0ED2300025AFD /* SettingGroup.m */; };
		4C87618819B0EF0F00025AFD /* SettingCell.m in Sources */ = {isa = PBXBuildFile; fileRef = 4C87618719B0EF0F00025AFD /* SettingCell.m */; };
		4CC4323F19AE22510066C289 /* NavigationViewController.m in Sources */ = {isa = PBXBuildFile; fileRef = 4CC4323E19AE22510066C289 /* NavigationViewController.m */; };
		4CC4324419AE24FF0066C289 /* UIImage+PY.m in Sources */ = {isa = PBXBuildFile; fileRef = 4CC4324319AE24FF0066C289 /* UIImage+PY.m */; };
		4CC4324719AE28690066C289 /* TabBarView.m in Sources */ = {isa = PBXBuildFile; fileRef = 4CC4324619AE28690066C289 /* TabBarView.m */; };
		4CC4324A19AE29800066C289 /* TabBarButton.m in Sources */ = {isa = PBXBuildFile; fileRef = 4CC4324919AE29800066C289 /* TabBarButton.m */; };
		4CC4324D19AE41290066C289 /* CategoryTableViewController.m in Sources */ = {isa = PBXBuildFile; fileRef = 4CC4324C19AE41290066C289 /* CategoryTableViewController.m */; };
		4CC4325019AE41830066C289 /* HotViewController.m in Sources */ = {isa = PBXBuildFile; fileRef = 4CC4324F19AE41830066C289 /* HotViewController.m */; };
		4CC4325319AE41B30066C289 /* PlayViewController.m in Sources */ = {isa = PBXBuildFile; fileRef = 4CC4325219AE41B30066C289 /* PlayViewController.m */; };
		4CC4325619AE420A0066C289 /* SettingViewController.m in Sources */ = {isa = PBXBuildFile; fileRef = 4CC4325519AE420A0066C289 /* SettingViewController.m */; };
/* End PBXBuildFile section */

/* Begin PBXContainerItemProxy section */
		4C4E96EE19ACD4AB00E744BB /* PBXContainerItemProxy */ = {
			isa = PBXContainerItemProxy;
			containerPortal = 4C4E96C619ACD4AB00E744BB /* Project object */;
			proxyType = 1;
			remoteGlobalIDString = 4C4E96CD19ACD4AB00E744BB;
			remoteInfo = "蔷薇岛屿";
		};
/* End PBXContainerItemProxy section */

/* Begin PBXFileReference section */
		4C4E96CE19ACD4AB00E744BB /* 蔷薇岛屿.app */ = {isa = PBXFileReference; explicitFileType = wrapper.application; includeInIndex = 0; path = "蔷薇岛屿.app"; sourceTree = BUILT_PRODUCTS_DIR; };
		4C4E96D119ACD4AB00E744BB /* Foundation.framework */ = {isa = PBXFileReference; lastKnownFileType = wrapper.framework; name = Foundation.framework; path = System/Library/Frameworks/Foundation.framework; sourceTree = SDKROOT; };
		4C4E96D319ACD4AB00E744BB /* CoreGraphics.framework */ = {isa = PBXFileReference; lastKnownFileType = wrapper.framework; name = CoreGraphics.framework; path = System/Library/Frameworks/CoreGraphics.framework; sourceTree = SDKROOT; };
		4C4E96D519ACD4AB00E744BB /* UIKit.framework */ = {isa = PBXFileReference; lastKnownFileType = wrapper.framework; name = UIKit.framework; path = System/Library/Frameworks/UIKit.framework; sourceTree = SDKROOT; };
		4C4E96DB19ACD4AB00E744BB /* en */ = {isa = PBXFileReference; lastKnownFileType = text.plist.strings; name = en; path = en.lproj/InfoPlist.strings; sourceTree = "<group>"; };
		4C4E96E319ACD4AB00E744BB /* Images.xcassets */ = {isa = PBXFileReference; lastKnownFileType = folder.assetcatalog; path = Images.xcassets; sourceTree = "<group>"; };
		4C4E96E919ACD4AB00E744BB /* 蔷薇岛屿Tests.xctest */ = {isa = PBXFileReference; explicitFileType = wrapper.cfbundle; includeInIndex = 0; path = "蔷薇岛屿Tests.xctest"; sourceTree = BUILT_PRODUCTS_DIR; };
		4C4E96EA19ACD4AB00E744BB /* XCTest.framework */ = {isa = PBXFileReference; lastKnownFileType = wrapper.framework; name = XCTest.framework; path = Library/Frameworks/XCTest.framework; sourceTree = DEVELOPER_DIR; };
		4C4E96F219ACD4AB00E744BB /* 蔷薇岛屿Tests-Info.plist */ = {isa = PBXFileReference; lastKnownFileType = text.plist.xml; path = "蔷薇岛屿Tests-Info.plist"; sourceTree = "<group>"; };
		4C4E96F419ACD4AB00E744BB /* en */ = {isa = PBXFileReference; lastKnownFileType = text.plist.strings; name = en; path = en.lproj/InfoPlist.strings; sourceTree = "<group>"; };
		4C4E96F619ACD4AB00E744BB /* ____Tests.m */ = {isa = PBXFileReference; lastKnownFileType = sourcecode.c.objc; path = "____Tests.m"; sourceTree = "<group>"; };
		4C5C60BB19AE1D8A0078C15F /* AppDelegate.h */ = {isa = PBXFileReference; fileEncoding = 4; lastKnownFileType = sourcecode.c.h; path = AppDelegate.h; sourceTree = "<group>"; };
		4C5C60BC19AE1D8A0078C15F /* AppDelegate.m */ = {isa = PBXFileReference; fileEncoding = 4; lastKnownFileType = sourcecode.c.objc; path = AppDelegate.m; sourceTree = "<group>"; };
		4C5C60BD19AE1D8A0078C15F /* main.m */ = {isa = PBXFileReference; fileEncoding = 4; lastKnownFileType = sourcecode.c.objc; path = main.m; sourceTree = "<group>"; };
		4C5C60BE19AE1D8A0078C15F /* 蔷薇岛屿-Info.plist */ = {isa = PBXFileReference; fileEncoding = 4; lastKnownFileType = text.plist.xml; path = "蔷薇岛屿-Info.plist"; sourceTree = "<group>"; };
		4C5C60BF19AE1D8A0078C15F /* 蔷薇岛屿-Prefix.pch */ = {isa = PBXFileReference; fileEncoding = 4; lastKnownFileType = sourcecode.c.h; path = "蔷薇岛屿-Prefix.pch"; sourceTree = "<group>"; };
		4C5C60CB19AE1DAF0078C15F /* TabBarViewController.h */ = {isa = PBXFileReference; fileEncoding = 4; lastKnownFileType = sourcecode.c.h; path = TabBarViewController.h; sourceTree = "<group>"; };
		4C5C60CC19AE1DAF0078C15F /* TabBarViewController.m */ = {isa = PBXFileReference; fileEncoding = 4; lastKnownFileType = sourcecode.c.objc; path = TabBarViewController.m; sourceTree = "<group>"; };
		4C87617F19B0DA9500025AFD /* BaseSettingViewController.h */ = {isa = PBXFileReference; fileEncoding = 4; lastKnownFileType = sourcecode.c.h; path = BaseSettingViewController.h; sourceTree = "<group>"; };
		4C87618019B0DA9500025AFD /* BaseSettingViewController.m */ = {isa = PBXFileReference; fileEncoding = 4; lastKnownFileType = sourcecode.c.objc; path = BaseSettingViewController.m; sourceTree = "<group>"; };
		4C87618319B0ED2300025AFD /* SettingGroup.h */ = {isa = PBXFileReference; fileEncoding = 4; lastKnownFileType = sourcecode.c.h; path = SettingGroup.h; sourceTree = "<group>"; };
		4C87618419B0ED2300025AFD /* SettingGroup.m */ = {isa = PBXFileReference; fileEncoding = 4; lastKnownFileType = sourcecode.c.objc; path = SettingGroup.m; sourceTree = "<group>"; };
		4C87618619B0EF0F00025AFD /* SettingCell.h */ = {isa = PBXFileReference; fileEncoding = 4; lastKnownFileType = sourcecode.c.h; path = SettingCell.h; sourceTree = "<group>"; };
		4C87618719B0EF0F00025AFD /* SettingCell.m */ = {isa = PBXFileReference; fileEncoding = 4; lastKnownFileType = sourcecode.c.objc; path = SettingCell.m; sourceTree = "<group>"; };
		4CC4323D19AE22510066C289 /* NavigationViewController.h */ = {isa = PBXFileReference; fileEncoding = 4; lastKnownFileType = sourcecode.c.h; path = NavigationViewController.h; sourceTree = "<group>"; };
		4CC4323E19AE22510066C289 /* NavigationViewController.m */ = {isa = PBXFileReference; fileEncoding = 4; lastKnownFileType = sourcecode.c.objc; path = NavigationViewController.m; sourceTree = "<group>"; };
		4CC4324019AE241A0066C289 /* Public.h */ = {isa = PBXFileReference; lastKnownFileType = sourcecode.c.h; path = Public.h; sourceTree = "<group>"; };
		4CC4324219AE24FF0066C289 /* UIImage+PY.h */ = {isa = PBXFileReference; fileEncoding = 4; lastKnownFileType = sourcecode.c.h; path = "UIImage+PY.h"; sourceTree = "<group>"; };
		4CC4324319AE24FF0066C289 /* UIImage+PY.m */ = {isa = PBXFileReference; fileEncoding = 4; lastKnownFileType = sourcecode.c.objc; path = "UIImage+PY.m"; sourceTree = "<group>"; };
		4CC4324519AE28690066C289 /* TabBarView.h */ = {isa = PBXFileReference; fileEncoding = 4; lastKnownFileType = sourcecode.c.h; path = TabBarView.h; sourceTree = "<group>"; };
		4CC4324619AE28690066C289 /* TabBarView.m */ = {isa = PBXFileReference; fileEncoding = 4; lastKnownFileType = sourcecode.c.objc; path = TabBarView.m; sourceTree = "<group>"; };
		4CC4324819AE29800066C289 /* TabBarButton.h */ = {isa = PBXFileReference; fileEncoding = 4; lastKnownFileType = sourcecode.c.h; path = TabBarButton.h; sourceTree = "<group>"; };
		4CC4324919AE29800066C289 /* TabBarButton.m */ = {isa = PBXFileReference; fileEncoding = 4; lastKnownFileType = sourcecode.c.objc; path = TabBarButton.m; sourceTree = "<group>"; };
		4CC4324B19AE41290066C289 /* CategoryTableViewController.h */ = {isa = PBXFileReference; fileEncoding = 4; lastKnownFileType = sourcecode.c.h; path = CategoryTableViewController.h; sourceTree = "<group>"; };
		4CC4324C19AE41290066C289 /* CategoryTableViewController.m */ = {isa = PBXFileReference; fileEncoding = 4; lastKnownFileType = sourcecode.c.objc; path = CategoryTableViewController.m; sourceTree = "<group>"; };
		4CC4324E19AE41830066C289 /* HotViewController.h */ = {isa = PBXFileReference; fileEncoding = 4; lastKnownFileType = sourcecode.c.h; path = HotViewController.h; sourceTree = "<group>"; };
		4CC4324F19AE41830066C289 /* HotViewController.m */ = {isa = PBXFileReference; fileEncoding = 4; lastKnownFileType = sourcecode.c.objc; path = HotViewController.m; sourceTree = "<group>"; };
		4CC4325119AE41B30066C289 /* PlayViewController.h */ = {isa = PBXFileReference; fileEncoding = 4; lastKnownFileType = sourcecode.c.h; path = PlayViewController.h; sourceTree = "<group>"; };
		4CC4325219AE41B30066C289 /* PlayViewController.m */ = {isa = PBXFileReference; fileEncoding = 4; lastKnownFileType = sourcecode.c.objc; path = PlayViewController.m; sourceTree = "<group>"; };
		4CC4325419AE420A0066C289 /* SettingViewController.h */ = {isa = PBXFileReference; fileEncoding = 4; lastKnownFileType = sourcecode.c.h; path = SettingViewController.h; sourceTree = "<group>"; };
		4CC4325519AE420A0066C289 /* SettingViewController.m */ = {isa = PBXFileReference; fileEncoding = 4; lastKnownFileType = sourcecode.c.objc; path = SettingViewController.m; sourceTree = "<group>"; };
/* End PBXFileReference section */

/* Begin PBXFrameworksBuildPhase section */
		4C4E96CB19ACD4AB00E744BB /* Frameworks */ = {
			isa = PBXFrameworksBuildPhase;
			buildActionMask = 2147483647;
			files = (
				4C4E96D419ACD4AB00E744BB /* CoreGraphics.framework in Frameworks */,
				4C4E96D619ACD4AB00E744BB /* UIKit.framework in Frameworks */,
				4C4E96D219ACD4AB00E744BB /* Foundation.framework in Frameworks */,
			);
			runOnlyForDeploymentPostprocessing = 0;
		};
		4C4E96E619ACD4AB00E744BB /* Frameworks */ = {
			isa = PBXFrameworksBuildPhase;
			buildActionMask = 2147483647;
			files = (
				4C4E96EB19ACD4AB00E744BB /* XCTest.framework in Frameworks */,
				4C4E96ED19ACD4AB00E744BB /* UIKit.framework in Frameworks */,
				4C4E96EC19ACD4AB00E744BB /* Foundation.framework in Frameworks */,
			);
			runOnlyForDeploymentPostprocessing = 0;
		};
/* End PBXFrameworksBuildPhase section */

/* Begin PBXGroup section */
		4C4E96C519ACD4AB00E744BB = {
			isa = PBXGroup;
			children = (
				4C4E96D719ACD4AB00E744BB /* 蔷薇岛屿 */,
				4C4E96F019ACD4AB00E744BB /* 蔷薇岛屿Tests */,
				4C4E96D019ACD4AB00E744BB /* Frameworks */,
				4C4E96CF19ACD4AB00E744BB /* Products */,
			);
			sourceTree = "<group>";
		};
		4C4E96CF19ACD4AB00E744BB /* Products */ = {
			isa = PBXGroup;
			children = (
				4C4E96CE19ACD4AB00E744BB /* 蔷薇岛屿.app */,
				4C4E96E919ACD4AB00E744BB /* 蔷薇岛屿Tests.xctest */,
			);
			name = Products;
			sourceTree = "<group>";
		};
		4C4E96D019ACD4AB00E744BB /* Frameworks */ = {
			isa = PBXGroup;
			children = (
				4C4E96D119ACD4AB00E744BB /* Foundation.framework */,
				4C4E96D319ACD4AB00E744BB /* CoreGraphics.framework */,
				4C4E96D519ACD4AB00E744BB /* UIKit.framework */,
				4C4E96EA19ACD4AB00E744BB /* XCTest.framework */,
			);
			name = Frameworks;
			sourceTree = "<group>";
		};
		4C4E96D719ACD4AB00E744BB /* 蔷薇岛屿 */ = {
			isa = PBXGroup;
			children = (
				4C5C60AD19AE1D8A0078C15F /* Classes */,
				4C4E96E319ACD4AB00E744BB /* Images.xcassets */,
				4C4E96D819ACD4AB00E744BB /* Supporting Files */,
			);
			path = "蔷薇岛屿";
			sourceTree = "<group>";
		};
		4C4E96D819ACD4AB00E744BB /* Supporting Files */ = {
			isa = PBXGroup;
			children = (
				4C4E96DA19ACD4AB00E744BB /* InfoPlist.strings */,
			);
			name = "Supporting Files";
			sourceTree = "<group>";
		};
		4C4E96F019ACD4AB00E744BB /* 蔷薇岛屿Tests */ = {
			isa = PBXGroup;
			children = (
				4C4E96F619ACD4AB00E744BB /* ____Tests.m */,
				4C4E96F119ACD4AB00E744BB /* Supporting Files */,
			);
			path = "蔷薇岛屿Tests";
			sourceTree = "<group>";
		};
		4C4E96F119ACD4AB00E744BB /* Supporting Files */ = {
			isa = PBXGroup;
			children = (
				4C4E96F219ACD4AB00E744BB /* 蔷薇岛屿Tests-Info.plist */,
				4C4E96F319ACD4AB00E744BB /* InfoPlist.strings */,
			);
			name = "Supporting Files";
			sourceTree = "<group>";
		};
		4C5C60AD19AE1D8A0078C15F /* Classes */ = {
			isa = PBXGroup;
			children = (
				4C5C60B219AE1D8A0078C15F /* Main(入口) */,
				4C5C60AE19AE1D8A0078C15F /* Category（分类） */,
				4C5C60B619AE1D8A0078C15F /* Hot（热门） */,
				4C5C60BA19AE1D8A0078C15F /* Other */,
				4C5C60C019AE1D8A0078C15F /* Player（播放器） */,
				4C5C60C419AE1D8A0078C15F /* Setting（设置） */,
			);
			path = Classes;
			sourceTree = "<group>";
		};
		4C5C60AE19AE1D8A0078C15F /* Category（分类） */ = {
			isa = PBXGroup;
			children = (
				4C5C60AF19AE1D8A0078C15F /* Controller */,
				4C5C60B019AE1D8A0078C15F /* Model */,
				4C5C60B119AE1D8A0078C15F /* View */,
			);
			path = "Category（分类）";
			sourceTree = "<group>";
		};
		4C5C60AF19AE1D8A0078C15F /* Controller */ = {
			isa = PBXGroup;
			children = (
				4CC4324B19AE41290066C289 /* CategoryTableViewController.h */,
				4CC4324C19AE41290066C289 /* CategoryTableViewController.m */,
			);
			path = Controller;
			sourceTree = "<group>";
		};
		4C5C60B019AE1D8A0078C15F /* Model */ = {
			isa = PBXGroup;
			children = (
			);
			path = Model;
			sourceTree = "<group>";
		};
		4C5C60B119AE1D8A0078C15F /* View */ = {
			isa = PBXGroup;
			children = (
			);
			path = View;
			sourceTree = "<group>";
		};
		4C5C60B219AE1D8A0078C15F /* Main(入口) */ = {
			isa = PBXGroup;
			children = (
				4C5C60B319AE1D8A0078C15F /* Controller */,
				4C5C60B419AE1D8A0078C15F /* Model */,
				4C5C60B519AE1D8A0078C15F /* View */,
			);
			name = "Main(入口)";
			path = "Home(首页)";
			sourceTree = "<group>";
		};
		4C5C60B319AE1D8A0078C15F /* Controller */ = {
			isa = PBXGroup;
			children = (
				4C5C60CB19AE1DAF0078C15F /* TabBarViewController.h */,
				4C5C60CC19AE1DAF0078C15F /* TabBarViewController.m */,
				4CC4323D19AE22510066C289 /* NavigationViewController.h */,
				4CC4323E19AE22510066C289 /* NavigationViewController.m */,
			);
			path = Controller;
			sourceTree = "<group>";
		};
		4C5C60B419AE1D8A0078C15F /* Model */ = {
			isa = PBXGroup;
			children = (
			);
			path = Model;
			sourceTree = "<group>";
		};
		4C5C60B519AE1D8A0078C15F /* View */ = {
			isa = PBXGroup;
			children = (
				4CC4324519AE28690066C289 /* TabBarView.h */,
				4CC4324619AE28690066C289 /* TabBarView.m */,
				4CC4324819AE29800066C289 /* TabBarButton.h */,
				4CC4324919AE29800066C289 /* TabBarButton.m */,
			);
			path = View;
			sourceTree = "<group>";
		};
		4C5C60B619AE1D8A0078C15F /* Hot（热门） */ = {
			isa = PBXGroup;
			children = (
				4C5C60B719AE1D8A0078C15F /* Controller */,
				4C5C60B819AE1D8A0078C15F /* Model */,
				4C5C60B919AE1D8A0078C15F /* View */,
			);
			path = "Hot（热门）";
			sourceTree = "<group>";
		};
		4C5C60B719AE1D8A0078C15F /* Controller */ = {
			isa = PBXGroup;
			children = (
				4CC4324E19AE41830066C289 /* HotViewController.h */,
				4CC4324F19AE41830066C289 /* HotViewController.m */,
			);
			path = Controller;
			sourceTree = "<group>";
		};
		4C5C60B819AE1D8A0078C15F /* Model */ = {
			isa = PBXGroup;
			children = (
			);
			path = Model;
			sourceTree = "<group>";
		};
		4C5C60B919AE1D8A0078C15F /* View */ = {
			isa = PBXGroup;
			children = (
			);
			path = View;
			sourceTree = "<group>";
		};
		4C5C60BA19AE1D8A0078C15F /* Other */ = {
			isa = PBXGroup;
			children = (
				4CC4324119AE24C90066C289 /* Category */,
				4C5C60BB19AE1D8A0078C15F /* AppDelegate.h */,
				4C5C60BC19AE1D8A0078C15F /* AppDelegate.m */,
				4C5C60BD19AE1D8A0078C15F /* main.m */,
				4C5C60BE19AE1D8A0078C15F /* 蔷薇岛屿-Info.plist */,
				4C5C60BF19AE1D8A0078C15F /* 蔷薇岛屿-Prefix.pch */,
				4CC4324019AE241A0066C289 /* Public.h */,
			);
			path = Other;
			sourceTree = "<group>";
		};
		4C5C60C019AE1D8A0078C15F /* Player（播放器） */ = {
			isa = PBXGroup;
			children = (
				4C5C60C119AE1D8A0078C15F /* Controller */,
				4C5C60C219AE1D8A0078C15F /* Model */,
				4C5C60C319AE1D8A0078C15F /* View */,
			);
			path = "Player（播放器）";
			sourceTree = "<group>";
		};
		4C5C60C119AE1D8A0078C15F /* Controller */ = {
			isa = PBXGroup;
			children = (
				4CC4325119AE41B30066C289 /* PlayViewController.h */,
				4CC4325219AE41B30066C289 /* PlayViewController.m */,
			);
			path = Controller;
			sourceTree = "<group>";
		};
		4C5C60C219AE1D8A0078C15F /* Model */ = {
			isa = PBXGroup;
			children = (
			);
			path = Model;
			sourceTree = "<group>";
		};
		4C5C60C319AE1D8A0078C15F /* View */ = {
			isa = PBXGroup;
			children = (
			);
			path = View;
			sourceTree = "<group>";
		};
		4C5C60C419AE1D8A0078C15F /* Setting（设置） */ = {
			isa = PBXGroup;
			children = (
				4C5C60C519AE1D8A0078C15F /* Controller */,
				4C5C60C619AE1D8A0078C15F /* Model */,
				4C5C60C719AE1D8A0078C15F /* View */,
			);
			path = "Setting（设置）";
			sourceTree = "<group>";
		};
		4C5C60C519AE1D8A0078C15F /* Controller */ = {
			isa = PBXGroup;
			children = (
				4C87617F19B0DA9500025AFD /* BaseSettingViewController.h */,
				4C87618019B0DA9500025AFD /* BaseSettingViewController.m */,
				4CC4325419AE420A0066C289 /* SettingViewController.h */,
				4CC4325519AE420A0066C289 /* SettingViewController.m */,
			);
			path = Controller;
			sourceTree = "<group>";
		};
		4C5C60C619AE1D8A0078C15F /* Model */ = {
			isa = PBXGroup;
			children = (
				4C87618219B0ECD400025AFD /* Group */,
			);
			path = Model;
			sourceTree = "<group>";
		};
		4C5C60C719AE1D8A0078C15F /* View */ = {
			isa = PBXGroup;
			children = (
				4C87618619B0EF0F00025AFD /* SettingCell.h */,
				4C87618719B0EF0F00025AFD /* SettingCell.m */,
			);
			path = View;
			sourceTree = "<group>";
		};
		4C87618219B0ECD400025AFD /* Group */ = {
			isa = PBXGroup;
			children = (
				4C87618319B0ED2300025AFD /* SettingGroup.h */,
				4C87618419B0ED2300025AFD /* SettingGroup.m */,
			);
			path = Group;
			sourceTree = "<group>";
		};
		4CC4324119AE24C90066C289 /* Category */ = {
			isa = PBXGroup;
			children = (
				4CC4324219AE24FF0066C289 /* UIImage+PY.h */,
				4CC4324319AE24FF0066C289 /* UIImage+PY.m */,
			);
			path = Category;
			sourceTree = "<group>";
		};
/* End PBXGroup section */

/* Begin PBXNativeTarget section */
		4C4E96CD19ACD4AB00E744BB /* 蔷薇岛屿 */ = {
			isa = PBXNativeTarget;
			buildConfigurationList = 4C4E96FA19ACD4AB00E744BB /* Build configuration list for PBXNativeTarget "蔷薇岛屿" */;
			buildPhases = (
				4C4E96CA19ACD4AB00E744BB /* Sources */,
				4C4E96CB19ACD4AB00E744BB /* Frameworks */,
				4C4E96CC19ACD4AB00E744BB /* Resources */,
			);
			buildRules = (
			);
			dependencies = (
			);
			name = "蔷薇岛屿";
			productName = "蔷薇岛屿";
			productReference = 4C4E96CE19ACD4AB00E744BB /* 蔷薇岛屿.app */;
			productType = "com.apple.product-type.application";
		};
		4C4E96E819ACD4AB00E744BB /* 蔷薇岛屿Tests */ = {
			isa = PBXNativeTarget;
			buildConfigurationList = 4C4E96FD19ACD4AB00E744BB /* Build configuration list for PBXNativeTarget "蔷薇岛屿Tests" */;
			buildPhases = (
				4C4E96E519ACD4AB00E744BB /* Sources */,
				4C4E96E619ACD4AB00E744BB /* Frameworks */,
				4C4E96E719ACD4AB00E744BB /* Resources */,
			);
			buildRules = (
			);
			dependencies = (
				4C4E96EF19ACD4AB00E744BB /* PBXTargetDependency */,
			);
			name = "蔷薇岛屿Tests";
			productName = "蔷薇岛屿Tests";
			productReference = 4C4E96E919ACD4AB00E744BB /* 蔷薇岛屿Tests.xctest */;
			productType = "com.apple.product-type.bundle.unit-test";
		};
/* End PBXNativeTarget section */

/* Begin PBXProject section */
		4C4E96C619ACD4AB00E744BB /* Project object */ = {
			isa = PBXProject;
			attributes = {
				LastUpgradeCheck = 0500;
				ORGANIZATIONNAME = pyagby;
				TargetAttributes = {
					4C4E96E819ACD4AB00E744BB = {
						TestTargetID = 4C4E96CD19ACD4AB00E744BB;
					};
				};
			};
			buildConfigurationList = 4C4E96C919ACD4AB00E744BB /* Build configuration list for PBXProject "蔷薇岛屿" */;
			compatibilityVersion = "Xcode 3.2";
			developmentRegion = English;
			hasScannedForEncodings = 0;
			knownRegions = (
				en,
			);
			mainGroup = 4C4E96C519ACD4AB00E744BB;
			productRefGroup = 4C4E96CF19ACD4AB00E744BB /* Products */;
			projectDirPath = "";
			projectRoot = "";
			targets = (
				4C4E96CD19ACD4AB00E744BB /* 蔷薇岛屿 */,
				4C4E96E819ACD4AB00E744BB /* 蔷薇岛屿Tests */,
			);
		};
/* End PBXProject section */

/* Begin PBXResourcesBuildPhase section */
		4C4E96CC19ACD4AB00E744BB /* Resources */ = {
			isa = PBXResourcesBuildPhase;
			buildActionMask = 2147483647;
			files = (
				4C4E96DC19ACD4AB00E744BB /* InfoPlist.strings in Resources */,
				4C4E96E419ACD4AB00E744BB /* Images.xcassets in Resources */,
				4C5C60CA19AE1D8A0078C15F /* 蔷薇岛屿-Info.plist in Resources */,
			);
			runOnlyForDeploymentPostprocessing = 0;
		};
		4C4E96E719ACD4AB00E744BB /* Resources */ = {
			isa = PBXResourcesBuildPhase;
			buildActionMask = 2147483647;
			files = (
				4C4E96F519ACD4AB00E744BB /* InfoPlist.strings in Resources */,
			);
			runOnlyForDeploymentPostprocessing = 0;
		};
/* End PBXResourcesBuildPhase section */

/* Begin PBXSourcesBuildPhase section */
		4C4E96CA19ACD4AB00E744BB /* Sources */ = {
			isa = PBXSourcesBuildPhase;
			buildActionMask = 2147483647;
			files = (
				4CC4325019AE41830066C289 /* HotViewController.m in Sources */,
				4CC4324719AE28690066C289 /* TabBarView.m in Sources */,
				4CC4323F19AE22510066C289 /* NavigationViewController.m in Sources */,
				4C5C60C919AE1D8A0078C15F /* main.m in Sources */,
				4C5C60CD19AE1DAF0078C15F /* TabBarViewController.m in Sources */,
				4CC4324419AE24FF0066C289 /* UIImage+PY.m in Sources */,
				4C87618119B0DA9500025AFD /* BaseSettingViewController.m in Sources */,
				4CC4324D19AE41290066C289 /* CategoryTableViewController.m in Sources */,
				4C5C60C819AE1D8A0078C15F /* AppDelegate.m in Sources */,
				4CC4325319AE41B30066C289 /* PlayViewController.m in Sources */,
				4C87618819B0EF0F00025AFD /* SettingCell.m in Sources */,
				4CC4325619AE420A0066C289 /* SettingViewController.m in Sources */,
				4CC4324A19AE29800066C289 /* TabBarButton.m in Sources */,
				4C87618519B0ED2300025AFD /* SettingGroup.m in Sources */,
			);
			runOnlyForDeploymentPostprocessing = 0;
		};
		4C4E96E519ACD4AB00E744BB /* Sources */ = {
			isa = PBXSourcesBuildPhase;
			buildActionMask = 2147483647;
			files = (
				4C4E96F719ACD4AB00E744BB /* ____Tests.m in Sources */,
			);
			runOnlyForDeploymentPostprocessing = 0;
		};
/* End PBXSourcesBuildPhase section */

/* Begin PBXTargetDependency section */
		4C4E96EF19ACD4AB00E744BB /* PBXTargetDependency */ = {
			isa = PBXTargetDependency;
			target = 4C4E96CD19ACD4AB00E744BB /* 蔷薇岛屿 */;
			targetProxy = 4C4E96EE19ACD4AB00E744BB /* PBXContainerItemProxy */;
		};
/* End PBXTargetDependency section */

/* Begin PBXVariantGroup section */
		4C4E96DA19ACD4AB00E744BB /* InfoPlist.strings */ = {
			isa = PBXVariantGroup;
			children = (
				4C4E96DB19ACD4AB00E744BB /* en */,
			);
			name = InfoPlist.strings;
			sourceTree = "<group>";
		};
		4C4E96F319ACD4AB00E744BB /* InfoPlist.strings */ = {
			isa = PBXVariantGroup;
			children = (
				4C4E96F419ACD4AB00E744BB /* en */,
			);
			name = InfoPlist.strings;
			sourceTree = "<group>";
		};
/* End PBXVariantGroup section */

/* Begin XCBuildConfiguration section */
		4C4E96F819ACD4AB00E744BB /* Debug */ = {
			isa = XCBuildConfiguration;
			buildSettings = {
				ALWAYS_SEARCH_USER_PATHS = NO;
				ARCHS = "$(ARCHS_STANDARD_INCLUDING_64_BIT)";
				CLANG_CXX_LANGUAGE_STANDARD = "gnu++0x";
				CLANG_CXX_LIBRARY = "libc++";
				CLANG_ENABLE_MODULES = YES;
				CLANG_ENABLE_OBJC_ARC = YES;
				CLANG_WARN_BOOL_CONVERSION = YES;
				CLANG_WARN_CONSTANT_CONVERSION = YES;
				CLANG_WARN_DIRECT_OBJC_ISA_USAGE = YES_ERROR;
				CLANG_WARN_EMPTY_BODY = YES;
				CLANG_WARN_ENUM_CONVERSION = YES;
				CLANG_WARN_INT_CONVERSION = YES;
				CLANG_WARN_OBJC_ROOT_CLASS = YES_ERROR;
				CLANG_WARN__DUPLICATE_METHOD_MATCH = YES;
				"CODE_SIGN_IDENTITY[sdk=iphoneos*]" = "iPhone Developer";
				COPY_PHASE_STRIP = NO;
				GCC_C_LANGUAGE_STANDARD = gnu99;
				GCC_DYNAMIC_NO_PIC = NO;
				GCC_OPTIMIZATION_LEVEL = 0;
				GCC_PREPROCESSOR_DEFINITIONS = (
					"DEBUG=1",
					"$(inherited)",
				);
				GCC_SYMBOLS_PRIVATE_EXTERN = NO;
				GCC_WARN_64_TO_32_BIT_CONVERSION = YES;
				GCC_WARN_ABOUT_RETURN_TYPE = YES_ERROR;
				GCC_WARN_UNDECLARED_SELECTOR = YES;
				GCC_WARN_UNINITIALIZED_AUTOS = YES;
				GCC_WARN_UNUSED_FUNCTION = YES;
				GCC_WARN_UNUSED_VARIABLE = YES;
				IPHONEOS_DEPLOYMENT_TARGET = 7.0;
				ONLY_ACTIVE_ARCH = YES;
				SDKROOT = iphoneos;
			};
			name = Debug;
		};
		4C4E96F919ACD4AB00E744BB /* Release */ = {
			isa = XCBuildConfiguration;
			buildSettings = {
				ALWAYS_SEARCH_USER_PATHS = NO;
				ARCHS = "$(ARCHS_STANDARD_INCLUDING_64_BIT)";
				CLANG_CXX_LANGUAGE_STANDARD = "gnu++0x";
				CLANG_CXX_LIBRARY = "libc++";
				CLANG_ENABLE_MODULES = YES;
				CLANG_ENABLE_OBJC_ARC = YES;
				CLANG_WARN_BOOL_CONVERSION = YES;
				CLANG_WARN_CONSTANT_CONVERSION = YES;
				CLANG_WARN_DIRECT_OBJC_ISA_USAGE = YES_ERROR;
				CLANG_WARN_EMPTY_BODY = YES;
				CLANG_WARN_ENUM_CONVERSION = YES;
				CLANG_WARN_INT_CONVERSION = YES;
				CLANG_WARN_OBJC_ROOT_CLASS = YES_ERROR;
				CLANG_WARN__DUPLICATE_METHOD_MATCH = YES;
				"CODE_SIGN_IDENTITY[sdk=iphoneos*]" = "iPhone Developer";
				COPY_PHASE_STRIP = YES;
				ENABLE_NS_ASSERTIONS = NO;
				GCC_C_LANGUAGE_STANDARD = gnu99;
				GCC_WARN_64_TO_32_BIT_CONVERSION = YES;
				GCC_WARN_ABOUT_RETURN_TYPE = YES_ERROR;
				GCC_WARN_UNDECLARED_SELECTOR = YES;
				GCC_WARN_UNINITIALIZED_AUTOS = YES;
				GCC_WARN_UNUSED_FUNCTION = YES;
				GCC_WARN_UNUSED_VARIABLE = YES;
				IPHONEOS_DEPLOYMENT_TARGET = 7.0;
				SDKROOT = iphoneos;
				VALIDATE_PRODUCT = YES;
			};
			name = Release;
		};
		4C4E96FB19ACD4AB00E744BB /* Debug */ = {
			isa = XCBuildConfiguration;
			buildSettings = {
				ASSETCATALOG_COMPILER_APPICON_NAME = AppIcon;
				ASSETCATALOG_COMPILER_LAUNCHIMAGE_NAME = LaunchImage;
				GCC_PRECOMPILE_PREFIX_HEADER = YES;
				GCC_PREFIX_HEADER = "蔷薇岛屿/Classes/Other/蔷薇岛屿-Prefix.pch";
				INFOPLIST_FILE = "蔷薇岛屿/Classes/Other/蔷薇岛屿-Info.plist";
				IPHONEOS_DEPLOYMENT_TARGET = 6.0;
				PRODUCT_NAME = "$(TARGET_NAME)";
				WRAPPER_EXTENSION = app;
			};
			name = Debug;
		};
		4C4E96FC19ACD4AB00E744BB /* Release */ = {
			isa = XCBuildConfiguration;
			buildSettings = {
				ASSETCATALOG_COMPILER_APPICON_NAME = AppIcon;
				ASSETCATALOG_COMPILER_LAUNCHIMAGE_NAME = LaunchImage;
				GCC_PRECOMPILE_PREFIX_HEADER = YES;
				GCC_PREFIX_HEADER = "蔷薇岛屿/Classes/Other/蔷薇岛屿-Prefix.pch";
				INFOPLIST_FILE = "蔷薇岛屿/Classes/Other/蔷薇岛屿-Info.plist";
				IPHONEOS_DEPLOYMENT_TARGET = 6.0;
				PRODUCT_NAME = "$(TARGET_NAME)";
				WRAPPER_EXTENSION = app;
			};
			name = Release;
		};
		4C4E96FE19ACD4AB00E744BB /* Debug */ = {
			isa = XCBuildConfiguration;
			buildSettings = {
				ARCHS = "$(ARCHS_STANDARD_INCLUDING_64_BIT)";
				BUNDLE_LOADER = "$(BUILT_PRODUCTS_DIR)/蔷薇岛屿.app/蔷薇岛屿";
				FRAMEWORK_SEARCH_PATHS = (
					"$(SDKROOT)/Developer/Library/Frameworks",
					"$(inherited)",
					"$(DEVELOPER_FRAMEWORKS_DIR)",
				);
				GCC_PRECOMPILE_PREFIX_HEADER = YES;
				GCC_PREFIX_HEADER = "蔷薇岛屿/蔷薇岛屿-Prefix.pch";
				GCC_PREPROCESSOR_DEFINITIONS = (
					"DEBUG=1",
					"$(inherited)",
				);
				INFOPLIST_FILE = "蔷薇岛屿Tests/蔷薇岛屿Tests-Info.plist";
				PRODUCT_NAME = "$(TARGET_NAME)";
				TEST_HOST = "$(BUNDLE_LOADER)";
				WRAPPER_EXTENSION = xctest;
			};
			name = Debug;
		};
		4C4E96FF19ACD4AB00E744BB /* Release */ = {
			isa = XCBuildConfiguration;
			buildSettings = {
				ARCHS = "$(ARCHS_STANDARD_INCLUDING_64_BIT)";
				BUNDLE_LOADER = "$(BUILT_PRODUCTS_DIR)/蔷薇岛屿.app/蔷薇岛屿";
				FRAMEWORK_SEARCH_PATHS = (
					"$(SDKROOT)/Developer/Library/Frameworks",
					"$(inherited)",
					"$(DEVELOPER_FRAMEWORKS_DIR)",
				);
				GCC_PRECOMPILE_PREFIX_HEADER = YES;
				GCC_PREFIX_HEADER = "蔷薇岛屿/蔷薇岛屿-Prefix.pch";
				INFOPLIST_FILE = "蔷薇岛屿Tests/蔷薇岛屿Tests-Info.plist";
				PRODUCT_NAME = "$(TARGET_NAME)";
				TEST_HOST = "$(BUNDLE_LOADER)";
				WRAPPER_EXTENSION = xctest;
			};
			name = Release;
		};
/* End XCBuildConfiguration section */

/* Begin XCConfigurationList section */
		4C4E96C919ACD4AB00E744BB /* Build configuration list for PBXProject "蔷薇岛屿" */ = {
			isa = XCConfigurationList;
			buildConfigurations = (
				4C4E96F819ACD4AB00E744BB /* Debug */,
				4C4E96F919ACD4AB00E744BB /* Release */,
			);
			defaultConfigurationIsVisible = 0;
			defaultConfigurationName = Release;
		};
		4C4E96FA19ACD4AB00E744BB /* Build configuration list for PBXNativeTarget "蔷薇岛屿" */ = {
			isa = XCConfigurationList;
			buildConfigurations = (
				4C4E96FB19ACD4AB00E744BB /* Debug */,
				4C4E96FC19ACD4AB00E744BB /* Release */,
			);
			defaultConfigurationIsVisible = 0;
			defaultConfigurationName = Release;
		};
		4C4E96FD19ACD4AB00E744BB /* Build configuration list for PBXNativeTarget "蔷薇岛屿Tests" */ = {
			isa = XCConfigurationList;
			buildConfigurations = (
				4C4E96FE19ACD4AB00E744BB /* Debug */,
				4C4E96FF19ACD4AB00E744BB /* Release */,
			);
			defaultConfigurationIsVisible = 0;
			defaultConfigurationName = Release;
		};
/* End XCConfigurationList section */
	};
	rootObject = 4C4E96C619ACD4AB00E744BB /* Project object */;
}
